
Microsoft Visual Studio Solution File, Format Version 12.00
# Visual Studio Version 16
VisualStudioVersion = 16.0.32630.194
MinimumVisualStudioVersion = 10.0.40219.1
Project("{FAE04EC0-301F-11D3-BF4B-00C04F79EFBC}") = "MathQuest.UWP", "MathQuest.UWP\MathQuest.UWP.csproj", "{2B581B6D-305B-44F4-947C-881A7FAB292A}"
EndProject
Project("{FAE04EC0-301F-11D3-BF4B-00C04F79EFBC}") = "MathQuest.Android", "MathQuest.Android\MathQuest.Android.csproj", "{EF12F0AE-2EDE-4A84-9BD7-62EF89E96C0E}"
EndProject
Project("{FAE04EC0-301F-11D3-BF4B-00C04F79EFBC}") = "MathQuest.iOS", "MathQuest.iOS\MathQuest.iOS.csproj", "{3F2C2F76-3B0C-4AEB-AA51-A96BB7811C0B}"
EndProject
Project("{FAE04EC0-301F-11D3-BF4B-00C04F79EFBC}") = "MathQuest", "MathQuest\MathQuest.csproj", "{906C18E6-AA21-46EF-95A1-C2917A43A796}"
EndProject
Global
	GlobalSection(SolutionConfigurationPlatforms) = preSolution
		Debug|Any CPU = Debug|Any CPU
		Debug|ARM = Debug|ARM
		Debug|iPhone = Debug|iPhone
		Debug|iPhoneSimulator = Debug|iPhoneSimulator
		Debug|x64 = Debug|x64
		Debug|x86 = Debug|x86
		Release|Any CPU = Release|Any CPU
		Release|ARM = Release|ARM
		Release|iPhone = Release|iPhone
		Release|iPhoneSimulator = Release|iPhoneSimulator
		Release|x64 = Release|x64
		Release|x86 = Release|x86
	EndGlobalSection
	GlobalSection(ProjectConfigurationPlatforms) = postSolution
		{2B581B6D-305B-44F4-947C-881A7FAB292A}.Debug|Any CPU.ActiveCfg = Debug|x86
		{2B581B6D-305B-44F4-947C-881A7FAB292A}.Debug|Any CPU.Build.0 = Debug|x86
		{2B581B6D-305B-44F4-947C-881A7FAB292A}.Debug|Any CPU.Deploy.0 = Debug|x86
		{2B581B6D-305B-44F4-947C-881A7FAB292A}.Debug|ARM.ActiveCfg = Debug|ARM
		{2B581B6D-305B-44F4-947C-881A7FAB292A}.Debug|ARM.Build.0 = Debug|ARM
		{2B581B6D-305B-44F4-947C-881A7FAB292A}.Debug|ARM.Deploy.0 = Debug|ARM
		{2B581B6D-305B-44F4-947C-881A7FAB292A}.Debug|iPhone.ActiveCfg = Debug|x86
		{2B581B6D-305B-44F4-947C-881A7FAB292A}.Debug|iPhone.Build.0 = Debug|x86
		{2B581B6D-305B-44F4-947C-881A7FAB292A}.Debug|iPhone.Deploy.0 = Debug|x86
		{2B581B6D-305B-44F4-947C-881A7FAB292A}.Debug|iPhoneSimulator.ActiveCfg = Debug|x86
		{2B581B6D-305B-44F4-947C-881A7FAB292A}.Debug|iPhoneSimulator.Build.0 = Debug|x86
		{2B581B6D-305B-44F4-947C-881A7FAB292A}.Debug|iPhoneSimulator.Deploy.0 = Debug|x86
		{2B581B6D-305B-44F4-947C-881A7FAB292A}.Debug|x64.ActiveCfg = Debug|x64
		{2B581B6D-305B-44F4-947C-881A7FAB292A}.Debug|x64.Build.0 = Debug|x64
		{2B581B6D-305B-44F4-947C-881A7FAB292A}.Debug|x64.Deploy.0 = Debug|x64
		{2B581B6D-305B-44F4-947C-881A7FAB292A}.Debug|x86.ActiveCfg = Debug|x86
		{2B581B6D-305B-44F4-947C-881A7FAB292A}.Debug|x86.Build.0 = Debug|x86
		{2B581B6D-305B-44F4-947C-881A7FAB292A}.Debug|x86.Deploy.0 = Debug|x86
		{2B581B6D-305B-44F4-947C-881A7FAB292A}.Release|Any CPU.ActiveCfg = Release|x86
		{2B581B6D-305B-44F4-947C-881A7FAB292A}.Release|Any CPU.Build.0 = Release|x86
		{2B581B6D-305B-44F4-947C-881A7FAB292A}.Release|Any CPU.Deploy.0 = Release|x86
		{2B581B6D-305B-44F4-947C-881A7FAB292A}.Release|ARM.ActiveCfg = Release|ARM
		{2B581B6D-305B-44F4-947C-881A7FAB292A}.Release|ARM.Build.0 = Release|ARM
		{2B581B6D-305B-44F4-947C-881A7FAB292A}.Release|ARM.Deploy.0 = Release|ARM
		{2B581B6D-305B-44F4-947C-881A7FAB292A}.Release|iPhone.ActiveCfg = Release|x86
		{2B581B6D-305B-44F4-947C-881A7FAB292A}.Release|iPhone.Build.0 = Release|x86
		{2B581B6D-305B-44F4-947C-881A7FAB292A}.Release|iPhone.Deploy.0 = Release|x86
		{2B581B6D-305B-44F4-947C-881A7FAB292A}.Release|iPhoneSimulator.ActiveCfg = Release|x86
		{2B581B6D-305B-44F4-947C-881A7FAB292A}.Release|iPhoneSimulator.Build.0 = Release|x86
		{2B581B6D-305B-44F4-947C-881A7FAB292A}.Release|iPhoneSimulator.Deploy.0 = Release|x86
		{2B581B6D-305B-44F4-947C-881A7FAB292A}.Release|x64.ActiveCfg = Release|x64
		{2B581B6D-305B-44F4-947C-881A7FAB292A}.Release|x64.Build.0 = Release|x64
		{2B581B6D-305B-44F4-947C-881A7FAB292A}.Release|x64.Deploy.0 = Release|x64
		{2B581B6D-305B-44F4-947C-881A7FAB292A}.Release|x86.ActiveCfg = Release|x86
		{2B581B6D-305B-44F4-947C-881A7FAB292A}.Release|x86.Build.0 = Release|x86
		{2B581B6D-305B-44F4-947C-881A7FAB292A}.Release|x86.Deploy.0 = Release|x86
		{EF12F0AE-2EDE-4A84-9BD7-62EF89E96C0E}.Debug|Any CPU.ActiveCfg = Debug|Any CPU
		{EF12F0AE-2EDE-4A84-9BD7-62EF89E96C0E}.Debug|Any CPU.Build.0 = Debug|Any CPU
		{EF12F0AE-2EDE-4A84-9BD7-62EF89E96C0E}.Debug|Any CPU.Deploy.0 = Debug|Any CPU
		{EF12F0AE-2EDE-4A84-9BD7-62EF89E96C0E}.Debug|ARM.ActiveCfg = Debug|Any CPU
		{EF12F0AE-2EDE-4A84-9BD7-62EF89E96C0E}.Debug|ARM.Build.0 = Debug|Any CPU
		{EF12F0AE-2EDE-4A84-9BD7-62EF89E96C0E}.Debug|ARM.Deploy.0 = Debug|Any CPU
		{EF12F0AE-2EDE-4A84-9BD7-62EF89E96C0E}.Debug|iPhone.ActiveCfg = Debug|Any CPU
		{EF12F0AE-2EDE-4A84-9BD7-62EF89E96C0E}.Debug|iPhone.Build.0 = Debug|Any CPU
		{EF12F0AE-2EDE-4A84-9BD7-62EF89E96C0E}.Debug|iPhone.Deploy.0 = Debug|Any CPU
		{EF12F0AE-2EDE-4A84-9BD7-62EF89E96C0E}.Debug|iPhoneSimulator.ActiveCfg = Debug|Any CPU
		{EF12F0AE-2EDE-4A84-9BD7-62EF89E96C0E}.Debug|iPhoneSimulator.Build.0 = Debug|Any CPU
		{EF12F0AE-2EDE-4A84-9BD7-62EF89E96C0E}.Debug|iPhoneSimulator.Deploy.0 = Debug|Any CPU
		{EF12F0AE-2EDE-4A84-9BD7-62EF89E96C0E}.Debug|x64.ActiveCfg = Debug|Any CPU
		{EF12F0AE-2EDE-4A84-9BD7-62EF89E96C0E}.Debug|x64.Build.0 = Debug|Any CPU
		{EF12F0AE-2EDE-4A84-9BD7-62EF89E96C0E}.Debug|x64.Deploy.0 = Debug|Any CPU
		{EF12F0AE-2EDE-4A84-9BD7-62EF89E96C0E}.Debug|x86.ActiveCfg = Debug|Any CPU
		{EF12F0AE-2EDE-4A84-9BD7-62EF89E96C0E}.Debug|x86.Build.0 = Debug|Any CPU
		{EF12F0AE-2EDE-4A84-9BD7-62EF89E96C0E}.Debug|x86.Deploy.0 = Debug|Any CPU
		{EF12F0AE-2EDE-4A84-9BD7-62EF89E96C0E}.Release|Any CPU.ActiveCfg = Release|Any CPU
		{EF12F0AE-2EDE-4A84-9BD7-62EF89E96C0E}.Release|Any CPU.Build.0 = Release|Any CPU
		{EF12F0AE-2EDE-4A84-9BD7-62EF89E96C0E}.Release|Any CPU.Deploy.0 = Release|Any CPU
		{EF12F0AE-2EDE-4A84-9BD7-62EF89E96C0E}.Release|ARM.ActiveCfg = Release|Any CPU
		{EF12F0AE-2EDE-4A84-9BD7-62EF89E96C0E}.Release|ARM.Build.0 = Release|Any CPU
		{EF12F0AE-2EDE-4A84-9BD7-62EF89E96C0E}.Release|ARM.Deploy.0 = Release|Any CPU
		{EF12F0AE-2EDE-4A84-9BD7-62EF89E96C0E}.Release|iPhone.ActiveCfg = Release|Any CPU
		{EF12F0AE-2EDE-4A84-9BD7-62EF89E96C0E}.Release|iPhone.Build.0 = Release|Any CPU
		{EF12F0AE-2EDE-4A84-9BD7-62EF89E96C0E}.Release|iPhone.Deploy.0 = Release|Any CPU
		{EF12F0AE-2EDE-4A84-9BD7-62EF89E96C0E}.Release|iPhoneSimulator.ActiveCfg = Release|Any CPU
		{EF12F0AE-2EDE-4A84-9BD7-62EF89E96C0E}.Release|iPhoneSimulator.Build.0 = Release|Any CPU
		{EF12F0AE-2EDE-4A84-9BD7-62EF89E96C0E}.Release|iPhoneSimulator.Deploy.0 = Release|Any CPU
		{EF12F0AE-2EDE-4A84-9BD7-62EF89E96C0E}.Release|x64.ActiveCfg = Release|Any CPU
		{EF12F0AE-2EDE-4A84-9BD7-62EF89E96C0E}.Release|x64.Build.0 = Release|Any CPU
		{EF12F0AE-2EDE-4A84-9BD7-62EF89E96C0E}.Release|x64.Deploy.0 = Release|Any CPU
		{EF12F0AE-2EDE-4A84-9BD7-62EF89E96C0E}.Release|x86.ActiveCfg = Release|Any CPU
		{EF12F0AE-2EDE-4A84-9BD7-62EF89E96C0E}.Release|x86.Build.0 = Release|Any CPU
		{EF12F0AE-2EDE-4A84-9BD7-62EF89E96C0E}.Release|x86.Deploy.0 = Release|Any CPU
		{3F2C2F76-3B0C-4AEB-AA51-A96BB7811C0B}.Debug|Any CPU.ActiveCfg = Debug|iPhoneSimulator
		{3F2C2F76-3B0C-4AEB-AA51-A96BB7811C0B}.Debug|Any CPU.Build.0 = Debug|iPhoneSimulator
		{3F2C2F76-3B0C-4AEB-AA51-A96BB7811C0B}.Debug|Any CPU.Deploy.0 = Debug|iPhoneSimulator
		{3F2C2F76-3B0C-4AEB-AA51-A96BB7811C0B}.Debug|ARM.ActiveCfg = Debug|iPhone
		{3F2C2F76-3B0C-4AEB-AA51-A96BB7811C0B}.Debug|ARM.Build.0 = Debug|iPhone
		{3F2C2F76-3B0C-4AEB-AA51-A96BB7811C0B}.Debug|ARM.Deploy.0 = Debug|iPhone
		{3F2C2F76-3B0C-4AEB-AA51-A96BB7811C0B}.Debug|iPhone.ActiveCfg = Debug|iPhone
		{3F2C2F76-3B0C-4AEB-AA51-A96BB7811C0B}.Debug|iPhone.Build.0 = Debug|iPhone
		{3F2C2F76-3B0C-4AEB-AA51-A96BB7811C0B}.Debug|iPhone.Deploy.0 = Debug|iPhone
		{3F2C2F76-3B0C-4AEB-AA51-A96BB7811C0B}.Debug|iPhoneSimulator.ActiveCfg = Debug|iPhoneSimulator
		{3F2C2F76-3B0C-4AEB-AA51-A96BB7811C0B}.Debug|iPhoneSimulator.Build.0 = Debug|iPhoneSimulator
		{3F2C2F76-3B0C-4AEB-AA51-A96BB7811C0B}.Debug|iPhoneSimulator.Deploy.0 = Debug|iPhoneSimulator
		{3F2C2F76-3B0C-4AEB-AA51-A96BB7811C0B}.Debug|x64.ActiveCfg = Debug|iPhoneSimulator
		{3F2C2F76-3B0C-4AEB-AA51-A96BB7811C0B}.Debug|x64.Build.0 = Debug|iPhoneSimulator
		{3F2C2F76-3B0C-4AEB-AA51-A96BB7811C0B}.Debug|x64.Deploy.0 = Debug|iPhoneSimulator
		{3F2C2F76-3B0C-4AEB-AA51-A96BB7811C0B}.Debug|x86.ActiveCfg = Debug|iPhoneSimulator
		{3F2C2F76-3B0C-4AEB-AA51-A96BB7811C0B}.Debug|x86.Build.0 = Debug|iPhoneSimulator
		{3F2C2F76-3B0C-4AEB-AA51-A96BB7811C0B}.Debug|x86.Deploy.0 = Debug|iPhoneSimulator
		{3F2C2F76-3B0C-4AEB-AA51-A96BB7811C0B}.Release|Any CPU.ActiveCfg = Release|iPhoneSimulator
		{3F2C2F76-3B0C-4AEB-AA51-A96BB7811C0B}.Release|Any CPU.Build.0 = Release|iPhoneSimulator
		{3F2C2F76-3B0C-4AEB-AA51-A96BB7811C0B}.Release|Any CPU.Deploy.0 = Release|iPhoneSimulator
		{3F2C2F76-3B0C-4AEB-AA51-A96BB7811C0B}.Release|ARM.ActiveCfg = Release|iPhoneSimulator
		{3F2C2F76-3B0C-4AEB-AA51-A96BB7811C0B}.Release|ARM.Build.0 = Release|iPhoneSimulator
		{3F2C2F76-3B0C-4AEB-AA51-A96BB7811C0B}.Release|ARM.Deploy.0 = Release|iPhoneSimulator
		{3F2C2F76-3B0C-4AEB-AA51-A96BB7811C0B}.Release|iPhone.ActiveCfg = Release|iPhone
		{3F2C2F76-3B0C-4AEB-AA51-A96BB7811C0B}.Release|iPhone.Build.0 = Release|iPhone
		{3F2C2F76-3B0C-4AEB-AA51-A96BB7811C0B}.Release|iPhone.Deploy.0 = Release|iPhone
		{3F2C2F76-3B0C-4AEB-AA51-A96BB7811C0B}.Release|iPhoneSimulator.ActiveCfg = Release|iPhoneSimulator
		{3F2C2F76-3B0C-4AEB-AA51-A96BB7811C0B}.Release|iPhoneSimulator.Build.0 = Release|iPhoneSimulator
		{3F2C2F76-3B0C-4AEB-AA51-A96BB7811C0B}.Release|iPhoneSimulator.Deploy.0 = Release|iPhoneSimulator
		{3F2C2F76-3B0C-4AEB-AA51-A96BB7811C0B}.Release|x64.ActiveCfg = Release|iPhoneSimulator
		{3F2C2F76-3B0C-4AEB-AA51-A96BB7811C0B}.Release|x64.Build.0 = Release|iPhoneSimulator
		{3F2C2F76-3B0C-4AEB-AA51-A96BB7811C0B}.Release|x64.Deploy.0 = Release|iPhoneSimulator
		{3F2C2F76-3B0C-4AEB-AA51-A96BB7811C0B}.Release|x86.ActiveCfg = Release|iPhoneSimulator
		{3F2C2F76-3B0C-4AEB-AA51-A96BB7811C0B}.Release|x86.Build.0 = Release|iPhoneSimulator
		{3F2C2F76-3B0C-4AEB-AA51-A96BB7811C0B}.Release|x86.Deploy.0 = Release|iPhoneSimulator
		{906C18E6-AA21-46EF-95A1-C2917A43A796}.Debug|Any CPU.ActiveCfg = Debug|Any CPU
		{906C18E6-AA21-46EF-95A1-C2917A43A796}.Debug|Any CPU.Build.0 = Debug|Any CPU
		{906C18E6-AA21-46EF-95A1-C2917A43A796}.Debug|Any CPU.Deploy.0 = Debug|Any CPU
		{906C18E6-AA21-46EF-95A1-C2917A43A796}.Debug|ARM.ActiveCfg = Debug|Any CPU
		{906C18E6-AA21-46EF-95A1-C2917A43A796}.Debug|ARM.Build.0 = Debug|Any CPU
		{906C18E6-AA21-46EF-95A1-C2917A43A796}.Debug|ARM.Deploy.0 = Debug|Any CPU
		{906C18E6-AA21-46EF-95A1-C2917A43A796}.Debug|iPhone.ActiveCfg = Debug|Any CPU
		{906C18E6-AA21-46EF-95A1-C2917A43A796}.Debug|iPhone.Build.0 = Debug|Any CPU
		{906C18E6-AA21-46EF-95A1-C2917A43A796}.Debug|iPhone.Deploy.0 = Debug|Any CPU
		{906C18E6-AA21-46EF-95A1-C2917A43A796}.Debug|iPhoneSimulator.ActiveCfg = Debug|Any CPU
		{906C18E6-AA21-46EF-95A1-C2917A43A796}.Debug|iPhoneSimulator.Build.0 = Debug|Any CPU
		{906C18E6-AA21-46EF-95A1-C2917A43A796}.Debug|iPhoneSimulator.Deploy.0 = Debug|Any CPU
		{906C18E6-AA21-46EF-95A1-C2917A43A796}.Debug|x64.ActiveCfg = Debug|Any CPU
		{906C18E6-AA21-46EF-95A1-C2917A43A796}.Debug|x64.Build.0 = Debug|Any CPU
		{906C18E6-AA21-46EF-95A1-C2917A43A796}.Debug|x64.Deploy.0 = Debug|Any CPU
		{906C18E6-AA21-46EF-95A1-C2917A43A796}.Debug|x86.ActiveCfg = Debug|Any CPU
		{906C18E6-AA21-46EF-95A1-C2917A43A796}.Debug|x86.Build.0 = Debug|Any CPU
		{906C18E6-AA21-46EF-95A1-C2917A43A796}.Debug|x86.Deploy.0 = Debug|Any CPU
		{906C18E6-AA21-46EF-95A1-C2917A43A796}.Release|Any CPU.ActiveCfg = Release|Any CPU
		{906C18E6-AA21-46EF-95A1-C2917A43A796}.Release|Any CPU.Build.0 = Release|Any CPU
		{906C18E6-AA21-46EF-95A1-C2917A43A796}.Release|Any CPU.Deploy.0 = Release|Any CPU
		{906C18E6-AA21-46EF-95A1-C2917A43A796}.Release|ARM.ActiveCfg = Release|Any CPU
		{906C18E6-AA21-46EF-95A1-C2917A43A796}.Release|ARM.Build.0 = Release|Any CPU
		{906C18E6-AA21-46EF-95A1-C2917A43A796}.Release|ARM.Deploy.0 = Release|Any CPU
		{906C18E6-AA21-46EF-95A1-C2917A43A796}.Release|iPhone.ActiveCfg = Release|Any CPU
		{906C18E6-AA21-46EF-95A1-C2917A43A796}.Release|iPhone.Build.0 = Release|Any CPU
		{906C18E6-AA21-46EF-95A1-C2917A43A796}.Release|iPhone.Deploy.0 = Release|Any CPU
		{906C18E6-AA21-46EF-95A1-C2917A43A796}.Release|iPhoneSimulator.ActiveCfg = Release|Any CPU
		{906C18E6-AA21-46EF-95A1-C2917A43A796}.Release|iPhoneSimulator.Build.0 = Release|Any CPU
		{906C18E6-AA21-46EF-95A1-C2917A43A796}.Release|iPhoneSimulator.Deploy.0 = Release|Any CPU
		{906C18E6-AA21-46EF-95A1-C2917A43A796}.Release|x64.ActiveCfg = Release|Any CPU
		{906C18E6-AA21-46EF-95A1-C2917A43A796}.Release|x64.Build.0 = Release|Any CPU
		{906C18E6-AA21-46EF-95A1-C2917A43A796}.Release|x64.Deploy.0 = Release|Any CPU
		{906C18E6-AA21-46EF-95A1-C2917A43A796}.Release|x86.ActiveCfg = Release|Any CPU
		{906C18E6-AA21-46EF-95A1-C2917A43A796}.Release|x86.Build.0 = Release|Any CPU
		{906C18E6-AA21-46EF-95A1-C2917A43A796}.Release|x86.Deploy.0 = Release|Any CPU
	EndGlobalSection
	GlobalSection(SolutionProperties) = preSolution
		HideSolutionNode = FALSE
	EndGlobalSection
	GlobalSection(ExtensibilityGlobals) = postSolution
		SolutionGuid = {1EEE77A9-28BF-4BF6-B823-0D6016CDD789}
	EndGlobalSection
EndGlobal
